
Microsoft Visual Studio Solution File, Format Version 12.00
# Visual Studio 15
VisualStudioVersion = 15.0.28307.489
MinimumVisualStudioVersion = 10.0.40219.1
Project("{00D1A9C2-B5F0-4AF3-8072-F6C62B433612}") = "HMSQL", "HMSQL\HMSQL.sqlproj", "{2627CC1B-3ED6-4344-BB24-8F13C1A61DF3}"
EndProject
Global
	GlobalSection(SolutionConfigurationPlatforms) = preSolution
		Debug|Any CPU = Debug|Any CPU
		Release|Any CPU = Release|Any CPU
	EndGlobalSection
	GlobalSection(ProjectConfigurationPlatforms) = postSolution
		{2627CC1B-3ED6-4344-BB24-8F13C1A61DF3}.Debug|Any CPU.ActiveCfg = Debug|Any CPU
		{2627CC1B-3ED6-4344-BB24-8F13C1A61DF3}.Debug|Any CPU.Build.0 = Debug|Any CPU
		{2627CC1B-3ED6-4344-BB24-8F13C1A61DF3}.Debug|Any CPU.Deploy.0 = Debug|Any CPU
		{2627CC1B-3ED6-4344-BB24-8F13C1A61DF3}.Release|Any CPU.ActiveCfg = Release|Any CPU
		{2627CC1B-3ED6-4344-BB24-8F13C1A61DF3}.Release|Any CPU.Build.0 = Release|Any CPU
		{2627CC1B-3ED6-4344-BB24-8F13C1A61DF3}.Release|Any CPU.Deploy.0 = Release|Any CPU
	EndGlobalSection
	GlobalSection(SolutionProperties) = preSolution
		HideSolutionNode = FALSE
	EndGlobalSection
	GlobalSection(ExtensibilityGlobals) = postSolution
		SolutionGuid = {4955A69F-3E24-411C-9485-E7BF08F9756A}
	EndGlobalSection
EndGlobal
